
Microsoft Visual Studio Solution File, Format Version 12.00
# Visual Studio Version 17
VisualStudioVersion = 17.8.34330.188
MinimumVisualStudioVersion = 10.0.40219.1
Project("{9A19103F-16F7-4668-BE54-9A1E7A4F7556}") = "amorphie.workflow.redisconsumer", "amorphie.workflow.redisconsumer\amorphie.workflow.redisconsumer.csproj", "{BCD2EDB8-DAD5-4729-9151-F155408A3BF1}"
EndProject
Global
	GlobalSection(SolutionConfigurationPlatforms) = preSolution
		Debug|Any CPU = Debug|Any CPU
		Release|Any CPU = Release|Any CPU
	EndGlobalSection
	GlobalSection(ProjectConfigurationPlatforms) = postSolution
		{BCD2EDB8-DAD5-4729-9151-F155408A3BF1}.Debug|Any CPU.ActiveCfg = Debug|Any CPU
		{BCD2EDB8-DAD5-4729-9151-F155408A3BF1}.Debug|Any CPU.Build.0 = Debug|Any CPU
		{BCD2EDB8-DAD5-4729-9151-F155408A3BF1}.Release|Any CPU.ActiveCfg = Release|Any CPU
		{BCD2EDB8-DAD5-4729-9151-F155408A3BF1}.Release|Any CPU.Build.0 = Release|Any CPU
	EndGlobalSection
	GlobalSection(SolutionProperties) = preSolution
		HideSolutionNode = FALSE
	EndGlobalSection
	GlobalSection(ExtensibilityGlobals) = postSolution
		SolutionGuid = {8417C719-5857-40FD-907B-E94B1B29F0F0}
	EndGlobalSection
EndGlobal
